
Microsoft Visual Studio Solution File, Format Version 12.00
# Visual Studio Version 17
VisualStudioVersion = 17.4.33020.496
MinimumVisualStudioVersion = 10.0.40219.1
Project("{9A19103F-16F7-4668-BE54-9A1E7A4F7556}") = "build", "build\build.csproj", "{C66D229F-2957-4D70-9E13-3F6D6E23FF41}"
EndProject
Project("{9A19103F-16F7-4668-BE54-9A1E7A4F7556}") = "Xenial.RTool", "Xenial.RTool\Xenial.RTool.csproj", "{952C1033-275B-4A43-8AE4-CA5E05B65773}"
EndProject
Project("{9A19103F-16F7-4668-BE54-9A1E7A4F7556}") = "Xenial.RTool.Tests", "Xenial.RTool.Tests\Xenial.RTool.Tests.csproj", "{3A777FBE-1315-4F70-A142-BDDA0DFDBBA9}"
EndProject
Project("{2150E333-8FDC-42A3-9474-1A3956D46DE8}") = "Solution Items", "Solution Items", "{F3554E2E-B6C8-4FFA-A129-3BAB0BD06AEC}"
	ProjectSection(SolutionItems) = preProject
		.editorconfig = .editorconfig
		.gitattributes = .gitattributes
		.gitignore = .gitignore
		b.bat = b.bat
		build.bat = build.bat
		build.ps1 = build.ps1
		build.sh = build.sh
		Directory.Build.props = Directory.Build.props
		README.md = README.md
	EndProjectSection
EndProject
Project("{2150E333-8FDC-42A3-9474-1A3956D46DE8}") = ".github", ".github", "{D36B7B08-ECB9-4BA2-8E02-8B2EDFB3E8D5}"
EndProject
Project("{2150E333-8FDC-42A3-9474-1A3956D46DE8}") = "workflows", "workflows", "{6CA31F42-34E2-4A1E-AB6A-23261E5956E3}"
	ProjectSection(SolutionItems) = preProject
		.github\workflows\build.yml = .github\workflows\build.yml
	EndProjectSection
EndProject
Global
	GlobalSection(SolutionConfigurationPlatforms) = preSolution
		Debug|Any CPU = Debug|Any CPU
		Release|Any CPU = Release|Any CPU
	EndGlobalSection
	GlobalSection(ProjectConfigurationPlatforms) = postSolution
		{C66D229F-2957-4D70-9E13-3F6D6E23FF41}.Debug|Any CPU.ActiveCfg = Debug|Any CPU
		{C66D229F-2957-4D70-9E13-3F6D6E23FF41}.Debug|Any CPU.Build.0 = Debug|Any CPU
		{C66D229F-2957-4D70-9E13-3F6D6E23FF41}.Release|Any CPU.ActiveCfg = Release|Any CPU
		{C66D229F-2957-4D70-9E13-3F6D6E23FF41}.Release|Any CPU.Build.0 = Release|Any CPU
		{952C1033-275B-4A43-8AE4-CA5E05B65773}.Debug|Any CPU.ActiveCfg = Debug|Any CPU
		{952C1033-275B-4A43-8AE4-CA5E05B65773}.Debug|Any CPU.Build.0 = Debug|Any CPU
		{952C1033-275B-4A43-8AE4-CA5E05B65773}.Release|Any CPU.ActiveCfg = Release|Any CPU
		{952C1033-275B-4A43-8AE4-CA5E05B65773}.Release|Any CPU.Build.0 = Release|Any CPU
		{3A777FBE-1315-4F70-A142-BDDA0DFDBBA9}.Debug|Any CPU.ActiveCfg = Debug|Any CPU
		{3A777FBE-1315-4F70-A142-BDDA0DFDBBA9}.Debug|Any CPU.Build.0 = Debug|Any CPU
		{3A777FBE-1315-4F70-A142-BDDA0DFDBBA9}.Release|Any CPU.ActiveCfg = Release|Any CPU
		{3A777FBE-1315-4F70-A142-BDDA0DFDBBA9}.Release|Any CPU.Build.0 = Release|Any CPU
	EndGlobalSection
	GlobalSection(SolutionProperties) = preSolution
		HideSolutionNode = FALSE
	EndGlobalSection
	GlobalSection(NestedProjects) = preSolution
		{D36B7B08-ECB9-4BA2-8E02-8B2EDFB3E8D5} = {F3554E2E-B6C8-4FFA-A129-3BAB0BD06AEC}
		{6CA31F42-34E2-4A1E-AB6A-23261E5956E3} = {D36B7B08-ECB9-4BA2-8E02-8B2EDFB3E8D5}
	EndGlobalSection
	GlobalSection(ExtensibilityGlobals) = postSolution
		SolutionGuid = {1FA249DE-47AE-444A-9EC2-AFE4094B4ACC}
	EndGlobalSection
EndGlobal
